
Microsoft Visual Studio Solution File, Format Version 12.00
# Visual Studio Version 17
VisualStudioVersion = 17.0.31903.59
MinimumVisualStudioVersion = 10.0.40219.1
Project("{FAE04EC0-301F-11D3-BF4B-00C04F79EFBC}") = "DolCon", "DolCon\DolCon.csproj", "{9DD9DF23-EC78-4264-9C9C-49C1954FB73A}"
EndProject
Project("{FAE04EC0-301F-11D3-BF4B-00C04F79EFBC}") = "DolCon.Tests", "DolCon.Tests\DolCon.Tests.csproj", "{03F976FE-0142-4482-8EF1-8FB234679940}"
EndProject
Project("{FAE04EC0-301F-11D3-BF4B-00C04F79EFBC}") = "DolCon.Core", "DolCon.Core\DolCon.Core.csproj", "{2C9F2691-C960-4082-8294-810BCDF60B32}"
EndProject
Project("{FAE04EC0-301F-11D3-BF4B-00C04F79EFBC}") = "DolCon.Core.Tests", "DolCon.Core.Tests\DolCon.Core.Tests.csproj", "{F09BA0E6-FB33-4AD5-83E1-257084E16864}"
EndProject
Project("{FAE04EC0-301F-11D3-BF4B-00C04F79EFBC}") = "DolCon.MonoGame", "DolCon.MonoGame\DolCon.MonoGame.csproj", "{4462E778-3D00-4122-9B5F-74FBD8422395}"
EndProject
Global
	GlobalSection(SolutionConfigurationPlatforms) = preSolution
		Debug|Any CPU = Debug|Any CPU
		Release|Any CPU = Release|Any CPU
	EndGlobalSection
	GlobalSection(SolutionProperties) = preSolution
		HideSolutionNode = FALSE
	EndGlobalSection
	GlobalSection(ProjectConfigurationPlatforms) = postSolution
		{9DD9DF23-EC78-4264-9C9C-49C1954FB73A}.Debug|Any CPU.ActiveCfg = Debug|Any CPU
		{9DD9DF23-EC78-4264-9C9C-49C1954FB73A}.Debug|Any CPU.Build.0 = Debug|Any CPU
		{9DD9DF23-EC78-4264-9C9C-49C1954FB73A}.Release|Any CPU.ActiveCfg = Release|Any CPU
		{9DD9DF23-EC78-4264-9C9C-49C1954FB73A}.Release|Any CPU.Build.0 = Release|Any CPU
		{03F976FE-0142-4482-8EF1-8FB234679940}.Debug|Any CPU.ActiveCfg = Debug|Any CPU
		{03F976FE-0142-4482-8EF1-8FB234679940}.Debug|Any CPU.Build.0 = Debug|Any CPU
		{03F976FE-0142-4482-8EF1-8FB234679940}.Release|Any CPU.ActiveCfg = Release|Any CPU
		{03F976FE-0142-4482-8EF1-8FB234679940}.Release|Any CPU.Build.0 = Release|Any CPU
		{2C9F2691-C960-4082-8294-810BCDF60B32}.Debug|Any CPU.ActiveCfg = Debug|Any CPU
		{2C9F2691-C960-4082-8294-810BCDF60B32}.Debug|Any CPU.Build.0 = Debug|Any CPU
		{2C9F2691-C960-4082-8294-810BCDF60B32}.Release|Any CPU.ActiveCfg = Release|Any CPU
		{2C9F2691-C960-4082-8294-810BCDF60B32}.Release|Any CPU.Build.0 = Release|Any CPU
		{F09BA0E6-FB33-4AD5-83E1-257084E16864}.Debug|Any CPU.ActiveCfg = Debug|Any CPU
		{F09BA0E6-FB33-4AD5-83E1-257084E16864}.Debug|Any CPU.Build.0 = Debug|Any CPU
		{F09BA0E6-FB33-4AD5-83E1-257084E16864}.Release|Any CPU.ActiveCfg = Release|Any CPU
		{F09BA0E6-FB33-4AD5-83E1-257084E16864}.Release|Any CPU.Build.0 = Release|Any CPU
		{4462E778-3D00-4122-9B5F-74FBD8422395}.Debug|Any CPU.ActiveCfg = Debug|Any CPU
		{4462E778-3D00-4122-9B5F-74FBD8422395}.Debug|Any CPU.Build.0 = Debug|Any CPU
		{4462E778-3D00-4122-9B5F-74FBD8422395}.Release|Any CPU.ActiveCfg = Release|Any CPU
		{4462E778-3D00-4122-9B5F-74FBD8422395}.Release|Any CPU.Build.0 = Release|Any CPU
	EndGlobalSection
EndGlobal
